<?xml version="1.0" encoding="utf-8"?>
<Project ToolsVersion="4.0" xmlns="http://schemas.microsoft.com/developer/msbuild/2003">
  <ItemGroup>
    <Filter Include="include">
      <UniqueIdentifier>{89AF369E-F58E-B539-FEA6-40106A051C9B}</UniqueIdentifier>
    </Filter>
    <Filter Include="include\void">
      <UniqueIdentifier>{AAE7E369-964A-730E-3FD0-ABC42B123F91}</UniqueIdentifier>
    </Filter>
    <Filter Include="include\void\accessors">
      <UniqueIdentifier>{9F4C0E90-8B46-37E2-74B3-CDF2604C9D4E}</UniqueIdentifier>
    </Filter>
    <Filter Include="include\void\builder">
      <UniqueIdentifier>{20D7F331-0C66-7DFB-B584-91F6A1F28DA1}</UniqueIdentifier>
    </Filter>
    <Filter Include="include\void\contents">
      <UniqueIdentifier>{07660E9B-73D2-C995-3CC6-61F3A8F1EBFD}</UniqueIdentifier>
    </Filter>
    <Filter Include="include\void\contents\container">
      <UniqueIdentifier>{B9C21D3E-25A6-2C7E-2EA9-5ABA9A0BF3CE}</UniqueIdentifier>
    </Filter>
    <Filter Include="include\void\contents\input">
      <UniqueIdentifier>{664FE771-D25C-1558-5B43-1143C74FE10E}</UniqueIdentifier>
    </Filter>
    <Filter Include="include\void\contents\overlays">
      <UniqueIdentifier>{2B028C7F-1728-56E6-006E-DBB1EC327BB2}</UniqueIdentifier>
    </Filter>
    <Filter Include="include\void\contents\widgets">
      <UniqueIdentifier>{8D441DB2-F95C-04DC-C209-94752EE19875}</UniqueIdentifier>
    </Filter>
    <Filter Include="include\void\util">
      <UniqueIdentifier>{57E58D77-C3FB-8B0D-0C73-172F78C85C95}</UniqueIdentifier>
    </Filter>
    <Filter Include="src">
      <UniqueIdentifier>{2DAB880B-99B4-887C-2230-9F7C8E38947C}</UniqueIdentifier>
    </Filter>
    <Filter Include="src\accessors">
      <UniqueIdentifier>{E28F336B-4E50-AFA1-178B-F81E830AF47D}</UniqueIdentifier>
    </Filter>
    <Filter Include="src\background">
      <UniqueIdentifier>{3CB4849E-2882-78A4-1116-E9CAFD825409}</UniqueIdentifier>
    </Filter>
    <Filter Include="src\builder">
      <UniqueIdentifier>{A36D599D-0F23-D292-9817-CC6904CCC896}</UniqueIdentifier>
    </Filter>
    <Filter Include="src\config">
      <UniqueIdentifier>{B2454354-9EFD-84A1-0705-5EFDF3DB1F92}</UniqueIdentifier>
    </Filter>
    <Filter Include="src\contents">
      <UniqueIdentifier>{EACC2673-D62F-B617-7FB5-EECD6BF7819A}</UniqueIdentifier>
    </Filter>
    <Filter Include="src\contents\container">
      <UniqueIdentifier>{5C61A245-485B-CB97-31C8-61A81D613104}</UniqueIdentifier>
    </Filter>
    <Filter Include="src\contents\input">
      <UniqueIdentifier>{891418F2-75F8-D847-DE58-D39ACA5BC3C9}</UniqueIdentifier>
    </Filter>
    <Filter Include="src\contents\overlays">
      <UniqueIdentifier>{6ED8D5BD-DA44-91B8-A338-29160F64B320}</UniqueIdentifier>
    </Filter>
    <Filter Include="src\contents\overlays\childwindow">
      <UniqueIdentifier>{19FDD245-856B-28C5-CE54-E3C43A021E61}</UniqueIdentifier>
    </Filter>
    <Filter Include="src\contents\overlays\colorpicker">
      <UniqueIdentifier>{1A11ADA9-867F-0229-CF68-BD283B16F8C4}</UniqueIdentifier>
    </Filter>
    <Filter Include="src\contents\overlays\dropdown">
      <UniqueIdentifier>{4A3D82C3-3663-4C2A-1FA9-D1F50B6E71F6}</UniqueIdentifier>
    </Filter>
    <Filter Include="src\contents\overlays\multiselect">
      <UniqueIdentifier>{887FC4E6-F4ED-1966-3DD7-D465A9840F02}</UniqueIdentifier>
    </Filter>
    <Filter Include="src\contents\widgets">
      <UniqueIdentifier>{70DE9301-5C6D-1DCB-058C-31C6F1F92D71}</UniqueIdentifier>
    </Filter>
    <Filter Include="src\contents\widgets\button">
      <UniqueIdentifier>{9BC0ACA0-07CE-DA86-90B4-D671FCC0A63D}</UniqueIdentifier>
    </Filter>
    <Filter Include="src\contents\widgets\childwindow">
      <UniqueIdentifier>{1B1688EF-0767-7331-30CB-61F31C7B069B}</UniqueIdentifier>
    </Filter>
    <Filter Include="src\contents\widgets\colorpicker">
      <UniqueIdentifier>{1C2A6253-087B-4D95-31DF-3B571D8FE0FE}</UniqueIdentifier>
    </Filter>
    <Filter Include="src\contents\widgets\dropdown">
      <UniqueIdentifier>{8C257C64-F83D-638E-C1EA-F2272DC2F727}</UniqueIdentifier>
    </Filter>
    <Filter Include="src\contents\widgets\list">
      <UniqueIdentifier>{FBEA7FD7-67AD-B361-B05D-42EE1C5F8C3F}</UniqueIdentifier>
    </Filter>
    <Filter Include="src\contents\widgets\multiselect">
      <UniqueIdentifier>{8A987990-76E9-64D2-9F4D-53948BFDF73B}</UniqueIdentifier>
    </Filter>
    <Filter Include="src\contents\widgets\slider">
      <UniqueIdentifier>{4249ABC7-AE56-D9AD-373D-D598A349A564}</UniqueIdentifier>
    </Filter>
    <Filter Include="src\contents\widgets\spacing">
      <UniqueIdentifier>{84D4D7C5-708F-C771-1947-40BC05E11102}</UniqueIdentifier>
    </Filter>
    <Filter Include="src\contents\widgets\textfield">
      <UniqueIdentifier>{4877B1FA-349D-7B61-1DE3-002D09A8A02D}</UniqueIdentifier>
    </Filter>
    <Filter Include="src\contents\widgets\toggle">
      <UniqueIdentifier>{41B035CA-ADBD-63B0-36A4-5F9BA2B02F67}</UniqueIdentifier>
    </Filter>
    <Filter Include="src\theme">
      <UniqueIdentifier>{6FEC29B6-DB56-DE2C-2495-8FD2903EBC81}</UniqueIdentifier>
    </Filter>
    <Filter Include="src\util">
      <UniqueIdentifier>{BA5238CF-A61F-93DA-CF38-8182BB64C868}</UniqueIdentifier>
    </Filter>
  </ItemGroup>
  <ItemGroup>
    <ClInclude Include="include\void\accessors\account.h">
      <Filter>include\void\accessors</Filter>
    </ClInclude>
    <ClInclude Include="include\void\accessors\background.h">
      <Filter>include\void\accessors</Filter>
    </ClInclude>
    <ClInclude Include="include\void\accessors\config.h">
      <Filter>include\void\accessors</Filter>
    </ClInclude>
    <ClInclude Include="include\void\accessors\cursors.h">
      <Filter>include\void\accessors</Filter>
    </ClInclude>
    <ClInclude Include="include\void\accessors\fonts.h">
      <Filter>include\void\accessors</Filter>
    </ClInclude>
    <ClInclude Include="include\void\accessors\icons.h">
      <Filter>include\void\accessors</Filter>
    </ClInclude>
    <ClInclude Include="include\void\accessors\notifications.h">
      <Filter>include\void\accessors</Filter>
    </ClInclude>
    <ClInclude Include="include\void\accessors\options.h">
      <Filter>include\void\accessors</Filter>
    </ClInclude>
    <ClInclude Include="include\void\accessors\render_target.h">
      <Filter>include\void\accessors</Filter>
    </ClInclude>
    <ClInclude Include="include\void\accessors\resources.h">
      <Filter>include\void\accessors</Filter>
    </ClInclude>
    <ClInclude Include="include\void\accessors\style.h">
      <Filter>include\void\accessors</Filter>
    </ClInclude>
    <ClInclude Include="include\void\accessors\theme.h">
      <Filter>include\void\accessors</Filter>
    </ClInclude>
    <ClInclude Include="include\void\accessors\util.h">
      <Filter>include\void\accessors</Filter>
    </ClInclude>
    <ClInclude Include="include\void\accessors\watermark.h">
      <Filter>include\void\accessors</Filter>
    </ClInclude>
    <ClInclude Include="include\void\builder\base.h">
      <Filter>include\void\builder</Filter>
    </ClInclude>
    <ClInclude Include="include\void\builder\builder.h">
      <Filter>include\void\builder</Filter>
    </ClInclude>
    <ClInclude Include="include\void\builder\group.h">
      <Filter>include\void\builder</Filter>
    </ClInclude>
    <ClInclude Include="include\void\builder\overlay.h">
      <Filter>include\void\builder</Filter>
    </ClInclude>
    <ClInclude Include="include\void\builder\tab.h">
      <Filter>include\void\builder</Filter>
    </ClInclude>
    <ClInclude Include="include\void\contents\container\child_tab.h">
      <Filter>include\void\contents\container</Filter>
    </ClInclude>
    <ClInclude Include="include\void\contents\container\tab.h">
      <Filter>include\void\contents\container</Filter>
    </ClInclude>
    <ClInclude Include="include\void\contents\input\events.h">
      <Filter>include\void\contents\input</Filter>
    </ClInclude>
    <ClInclude Include="include\void\contents\input\input.h">
      <Filter>include\void\contents\input</Filter>
    </ClInclude>
    <ClInclude Include="include\void\contents\input\input_owner.h">
      <Filter>include\void\contents\input</Filter>
    </ClInclude>
    <ClInclude Include="include\void\contents\input\input_owner_overlay.h">
      <Filter>include\void\contents\input</Filter>
    </ClInclude>
    <ClInclude Include="include\void\contents\input\input_receiver.h">
      <Filter>include\void\contents\input</Filter>
    </ClInclude>
    <ClInclude Include="include\void\contents\input\input_response.h">
      <Filter>include\void\contents\input</Filter>
    </ClInclude>
    <ClInclude Include="include\void\contents\input\keybind.h">
      <Filter>include\void\contents\input</Filter>
    </ClInclude>
    <ClInclude Include="include\void\contents\input\message_event.h">
      <Filter>include\void\contents\input</Filter>
    </ClInclude>
    <ClInclude Include="include\void\contents\input\overlay_events.h">
      <Filter>include\void\contents\input</Filter>
    </ClInclude>
    <ClInclude Include="include\void\contents\overlays\custom_overlay.h">
      <Filter>include\void\contents\overlays</Filter>
    </ClInclude>
    <ClInclude Include="include\void\contents\overlays\overlay.h">
      <Filter>include\void\contents\overlays</Filter>
    </ClInclude>
    <ClInclude Include="include\void\contents\widgets\list_options.h">
      <Filter>include\void\contents\widgets</Filter>
    </ClInclude>
    <ClInclude Include="include\void\contents\widgets\list_options.inline.inl">
      <Filter>include\void\contents\widgets</Filter>
    </ClInclude>
    <ClInclude Include="include\void\contents\widgets\scrollbar.h">
      <Filter>include\void\contents\widgets</Filter>
    </ClInclude>
    <ClInclude Include="include\void\contents\widgets\textfield.h">
      <Filter>include\void\contents\widgets</Filter>
    </ClInclude>
    <ClInclude Include="include\void\contents\widgets\widget.h">
      <Filter>include\void\contents\widgets</Filter>
    </ClInclude>
    <ClInclude Include="include\void\contents\widgets\widget_child.h">
      <Filter>include\void\contents\widgets</Filter>
    </ClInclude>
    <ClInclude Include="include\void\def.h">
      <Filter>include\void</Filter>
    </ClInclude>
    <ClInclude Include="include\void\util\def.h">
      <Filter>include\void\util</Filter>
    </ClInclude>
    <ClInclude Include="include\void\util\default_value.h">
      <Filter>include\void\util</Filter>
    </ClInclude>
    <ClInclude Include="include\void\util\error.h">
      <Filter>include\void\util</Filter>
    </ClInclude>
    <ClInclude Include="include\void\util\scalable_float.h">
      <Filter>include\void\util</Filter>
    </ClInclude>
    <ClInclude Include="include\void\util\time_point.h">
      <Filter>include\void\util</Filter>
    </ClInclude>
    <ClInclude Include="include\void\util\vobj.h">
      <Filter>include\void\util</Filter>
    </ClInclude>
    <ClInclude Include="include\void\util\xstr.h">
      <Filter>include\void\util</Filter>
    </ClInclude>
    <ClInclude Include="include\void\void.h">
      <Filter>include\void</Filter>
    </ClInclude>
    <ClInclude Include="include\void\void.inline.inl">
      <Filter>include\void</Filter>
    </ClInclude>
    <ClInclude Include="src\background\background.h">
      <Filter>src\background</Filter>
    </ClInclude>
    <ClInclude Include="src\background\background_overlay.h">
      <Filter>src\background</Filter>
    </ClInclude>
    <ClInclude Include="src\config\config.h">
      <Filter>src\config</Filter>
    </ClInclude>
    <ClInclude Include="src\config\config_drawable.h">
      <Filter>src\config</Filter>
    </ClInclude>
    <ClInclude Include="src\config\config_manager.h">
      <Filter>src\config</Filter>
    </ClInclude>
    <ClInclude Include="src\config\config_tab.h">
      <Filter>src\config</Filter>
    </ClInclude>
    <ClInclude Include="src\contents\container\child_tab_normal.h">
      <Filter>src\contents\container</Filter>
    </ClInclude>
    <ClInclude Include="src\contents\container\group.h">
      <Filter>src\contents\container</Filter>
    </ClInclude>
    <ClInclude Include="src\contents\container\label.h">
      <Filter>src\contents\container</Filter>
    </ClInclude>
    <ClInclude Include="src\contents\container\tab_normal.h">
      <Filter>src\contents\container</Filter>
    </ClInclude>
    <ClInclude Include="src\contents\input\keybind.h">
      <Filter>src\contents\input</Filter>
    </ClInclude>
    <ClInclude Include="src\contents\input\keybind_manager.h">
      <Filter>src\contents\input</Filter>
    </ClInclude>
    <ClInclude Include="src\contents\overlays\childwindow\childwindow.h">
      <Filter>src\contents\overlays\childwindow</Filter>
    </ClInclude>
    <ClInclude Include="src\contents\overlays\colorpicker\colorpicker.h">
      <Filter>src\contents\overlays\colorpicker</Filter>
    </ClInclude>
    <ClInclude Include="src\contents\overlays\dropdown\dropdown.h">
      <Filter>src\contents\overlays\dropdown</Filter>
    </ClInclude>
    <ClInclude Include="src\contents\overlays\multiselect\multiselect.h">
      <Filter>src\contents\overlays\multiselect</Filter>
    </ClInclude>
    <ClInclude Include="src\contents\sidebar.h">
      <Filter>src\contents</Filter>
    </ClInclude>
    <ClInclude Include="src\contents\widgets\button\button.h">
      <Filter>src\contents\widgets\button</Filter>
    </ClInclude>
    <ClInclude Include="src\contents\widgets\childwindow\childwindow_child.h">
      <Filter>src\contents\widgets\childwindow</Filter>
    </ClInclude>
    <ClInclude Include="src\contents\widgets\colorpicker\colorpicker.h">
      <Filter>src\contents\widgets\colorpicker</Filter>
    </ClInclude>
    <ClInclude Include="src\contents\widgets\colorpicker\colorpicker_child.h">
      <Filter>src\contents\widgets\colorpicker</Filter>
    </ClInclude>
    <ClInclude Include="src\contents\widgets\dropdown\dropdown.h">
      <Filter>src\contents\widgets\dropdown</Filter>
    </ClInclude>
    <ClInclude Include="src\contents\widgets\dropdown\dropdown_child.h">
      <Filter>src\contents\widgets\dropdown</Filter>
    </ClInclude>
    <ClInclude Include="src\contents\widgets\list\list.h">
      <Filter>src\contents\widgets\list</Filter>
    </ClInclude>
    <ClInclude Include="src\contents\widgets\multiselect\multiselect.h">
      <Filter>src\contents\widgets\multiselect</Filter>
    </ClInclude>
    <ClInclude Include="src\contents\widgets\multiselect\multiselect_child.h">
      <Filter>src\contents\widgets\multiselect</Filter>
    </ClInclude>
    <ClInclude Include="src\contents\widgets\slider\slider.h">
      <Filter>src\contents\widgets\slider</Filter>
    </ClInclude>
    <ClInclude Include="src\contents\widgets\spacing\spacing.h">
      <Filter>src\contents\widgets\spacing</Filter>
    </ClInclude>
    <ClInclude Include="src\contents\widgets\textfield\textfield.h">
      <Filter>src\contents\widgets\textfield</Filter>
    </ClInclude>
    <ClInclude Include="src\contents\widgets\toggle\toggle.h">
      <Filter>src\contents\widgets\toggle</Filter>
    </ClInclude>
    <ClInclude Include="src\theme\theme.h">
      <Filter>src\theme</Filter>
    </ClInclude>
    <ClInclude Include="src\theme\theme_drawable.h">
      <Filter>src\theme</Filter>
    </ClInclude>
    <ClInclude Include="src\theme\theme_tab.h">
      <Filter>src\theme</Filter>
    </ClInclude>
    <ClInclude Include="src\util\clipboard.h">
      <Filter>src\util</Filter>
    </ClInclude>
    <ClInclude Include="src\util\color.h">
      <Filter>src\util</Filter>
    </ClInclude>
    <ClInclude Include="src\util\resizing_type.h">
      <Filter>src\util</Filter>
    </ClInclude>
    <ClInclude Include="include\void\accessors\callbacks.h" />
    <ClInclude Include="src\contents\overlays\multiselect\config_module.h" />
    <ClInclude Include="src\contents\widgets\colorpicker\optional_colorpicker_child.h" />
    <ClInclude Include="src\contents\widgets\keybind\keybind_child.h" />
    <ClInclude Include="src\contents\widgets\keybind\keybind_widget.h" />
    <ClInclude Include="src\contents\overlays\dropdown\config_module.h" />
    <ClInclude Include="src\contents\widgets\list\config_module.h" />
  </ItemGroup>
  <ItemGroup>
    <ClCompile Include="src\accessors\account.cpp">
      <Filter>src\accessors</Filter>
    </ClCompile>
    <ClCompile Include="src\accessors\background_access.cpp">
      <Filter>src\accessors</Filter>
    </ClCompile>
    <ClCompile Include="src\accessors\config_access.cpp">
      <Filter>src\accessors</Filter>
    </ClCompile>
    <ClCompile Include="src\accessors\cursors.cpp">
      <Filter>src\accessors</Filter>
    </ClCompile>
    <ClCompile Include="src\accessors\fonts.cpp">
      <Filter>src\accessors</Filter>
    </ClCompile>
    <ClCompile Include="src\accessors\icons.cpp">
      <Filter>src\accessors</Filter>
    </ClCompile>
    <ClCompile Include="src\accessors\notifications.cpp">
      <Filter>src\accessors</Filter>
    </ClCompile>
    <ClCompile Include="src\accessors\options.cpp">
      <Filter>src\accessors</Filter>
    </ClCompile>
    <ClCompile Include="src\accessors\render_target.cpp">
      <Filter>src\accessors</Filter>
    </ClCompile>
    <ClCompile Include="src\accessors\resources.cpp">
      <Filter>src\accessors</Filter>
    </ClCompile>
    <ClCompile Include="src\accessors\theme_access.cpp">
      <Filter>src\accessors</Filter>
    </ClCompile>
    <ClCompile Include="src\accessors\util.cpp">
      <Filter>src\accessors</Filter>
    </ClCompile>
    <ClCompile Include="src\accessors\watermark.cpp">
      <Filter>src\accessors</Filter>
    </ClCompile>
    <ClCompile Include="src\background\background.cpp">
      <Filter>src\background</Filter>
    </ClCompile>
    <ClCompile Include="src\background\background_overlay.cpp">
      <Filter>src\background</Filter>
    </ClCompile>
    <ClCompile Include="src\builder\base_builder.cpp">
      <Filter>src\builder</Filter>
    </ClCompile>
    <ClCompile Include="src\builder\builder.cpp">
      <Filter>src\builder</Filter>
    </ClCompile>
    <ClCompile Include="src\builder\group_builder.cpp">
      <Filter>src\builder</Filter>
    </ClCompile>
    <ClCompile Include="src\builder\overlay_builder.cpp">
      <Filter>src\builder</Filter>
    </ClCompile>
    <ClCompile Include="src\builder\tab_builder.cpp">
      <Filter>src\builder</Filter>
    </ClCompile>
    <ClCompile Include="src\config\config.cpp">
      <Filter>src\config</Filter>
    </ClCompile>
    <ClCompile Include="src\config\config_drawable.cpp">
      <Filter>src\config</Filter>
    </ClCompile>
    <ClCompile Include="src\config\config_manager.cpp">
      <Filter>src\config</Filter>
    </ClCompile>
    <ClCompile Include="src\config\config_tab.cpp">
      <Filter>src\config</Filter>
    </ClCompile>
    <ClCompile Include="src\contents\container\child_tab.cpp">
      <Filter>src\contents\container</Filter>
    </ClCompile>
    <ClCompile Include="src\contents\container\child_tab_normal.cpp">
      <Filter>src\contents\container</Filter>
    </ClCompile>
    <ClCompile Include="src\contents\container\group.cpp">
      <Filter>src\contents\container</Filter>
    </ClCompile>
    <ClCompile Include="src\contents\container\label.cpp">
      <Filter>src\contents\container</Filter>
    </ClCompile>
    <ClCompile Include="src\contents\container\tab.cpp">
      <Filter>src\contents\container</Filter>
    </ClCompile>
    <ClCompile Include="src\contents\container\tab_normal.cpp">
      <Filter>src\contents\container</Filter>
    </ClCompile>
    <ClCompile Include="src\contents\input\input.cpp">
      <Filter>src\contents\input</Filter>
    </ClCompile>
    <ClCompile Include="src\contents\input\input_receiver.cpp">
      <Filter>src\contents\input</Filter>
    </ClCompile>
    <ClCompile Include="src\contents\input\keybind.cpp">
      <Filter>src\contents\input</Filter>
    </ClCompile>
    <ClCompile Include="src\contents\input\keybind_manager.cpp">
      <Filter>src\contents\input</Filter>
    </ClCompile>
    <ClCompile Include="src\contents\overlays\childwindow\childwindow.cpp">
      <Filter>src\contents\overlays\childwindow</Filter>
    </ClCompile>
    <ClCompile Include="src\contents\overlays\colorpicker\colorpicker_overlay.cpp">
      <Filter>src\contents\overlays\colorpicker</Filter>
    </ClCompile>
    <ClCompile Include="src\contents\overlays\custom_overlay.cpp">
      <Filter>src\contents\overlays</Filter>
    </ClCompile>
    <ClCompile Include="src\contents\overlays\dropdown\dropdown_overlay.cpp">
      <Filter>src\contents\overlays\dropdown</Filter>
    </ClCompile>
    <ClCompile Include="src\contents\overlays\multiselect\multiselect_overlay.cpp">
      <Filter>src\contents\overlays\multiselect</Filter>
    </ClCompile>
    <ClCompile Include="src\contents\overlays\overlay.cpp">
      <Filter>src\contents\overlays</Filter>
    </ClCompile>
    <ClCompile Include="src\contents\sidebar.cpp">
      <Filter>src\contents</Filter>
    </ClCompile>
    <ClCompile Include="src\contents\widgets\button\button.cpp">
      <Filter>src\contents\widgets\button</Filter>
    </ClCompile>
    <ClCompile Include="src\contents\widgets\childwindow\childwindow_child.cpp">
      <Filter>src\contents\widgets\childwindow</Filter>
    </ClCompile>
    <ClCompile Include="src\contents\widgets\colorpicker\colorpicker.cpp">
      <Filter>src\contents\widgets\colorpicker</Filter>
    </ClCompile>
    <ClCompile Include="src\contents\widgets\colorpicker\colorpicker_child.cpp">
      <Filter>src\contents\widgets\colorpicker</Filter>
    </ClCompile>
    <ClCompile Include="src\contents\widgets\dropdown\dropdown.cpp">
      <Filter>src\contents\widgets\dropdown</Filter>
    </ClCompile>
    <ClCompile Include="src\contents\widgets\dropdown\dropdown_child.cpp">
      <Filter>src\contents\widgets\dropdown</Filter>
    </ClCompile>
    <ClCompile Include="src\contents\widgets\list\list.cpp">
      <Filter>src\contents\widgets\list</Filter>
    </ClCompile>
    <ClCompile Include="src\contents\widgets\multiselect\multiselect.cpp">
      <Filter>src\contents\widgets\multiselect</Filter>
    </ClCompile>
    <ClCompile Include="src\contents\widgets\multiselect\multiselect_child.cpp">
      <Filter>src\contents\widgets\multiselect</Filter>
    </ClCompile>
    <ClCompile Include="src\contents\widgets\scrollbar.cpp">
      <Filter>src\contents\widgets</Filter>
    </ClCompile>
    <ClCompile Include="src\contents\widgets\slider\slider.cpp">
      <Filter>src\contents\widgets\slider</Filter>
    </ClCompile>
    <ClCompile Include="src\contents\widgets\spacing\spacing.cpp">
      <Filter>src\contents\widgets\spacing</Filter>
    </ClCompile>
    <ClCompile Include="src\contents\widgets\textfield.cpp">
      <Filter>src\contents\widgets</Filter>
    </ClCompile>
    <ClCompile Include="src\contents\widgets\textfield\textfield_widget.cpp">
      <Filter>src\contents\widgets\textfield</Filter>
    </ClCompile>
    <ClCompile Include="src\contents\widgets\toggle\toggle.cpp">
      <Filter>src\contents\widgets\toggle</Filter>
    </ClCompile>
    <ClCompile Include="src\contents\widgets\widget.cpp">
      <Filter>src\contents\widgets</Filter>
    </ClCompile>
    <ClCompile Include="src\contents\widgets\widget_child.cpp">
      <Filter>src\contents\widgets</Filter>
    </ClCompile>
    <ClCompile Include="src\theme\theme.cpp">
      <Filter>src\theme</Filter>
    </ClCompile>
    <ClCompile Include="src\theme\theme_drawable.cpp">
      <Filter>src\theme</Filter>
    </ClCompile>
    <ClCompile Include="src\theme\theme_tab.cpp">
      <Filter>src\theme</Filter>
    </ClCompile>
    <ClCompile Include="src\util\clipboard.cpp">
      <Filter>src\util</Filter>
    </ClCompile>
    <ClCompile Include="src\void.cpp">
      <Filter>src</Filter>
    </ClCompile>
    <ClCompile Include="src\contents\widgets\colorpicker\optional_colorpicker_child.cpp" />
    <ClCompile Include="src\contents\widgets\keybind\keybind_child.cpp" />
    <ClCompile Include="src\contents\widgets\keybind\keybind_widget.cpp" />
  </ItemGroup>
</Project>