
Microsoft Visual Studio Solution File, Format Version 12.00
# Visual Studio Version 17
Global
	GlobalSection(SolutionConfigurationPlatforms) = preSolution
		Debug_d3d11|Win32 = Debug_d3d11|Win32
		Debug_d3d11|x64 = Debug_d3d11|x64
		Debug_opengl|Win32 = Debug_opengl|Win32
		Debug_opengl|x64 = Debug_opengl|x64
		Release_d3d11|Win32 = Release_d3d11|Win32
		Release_d3d11|x64 = Release_d3d11|x64
		Release_opengl|Win32 = Release_opengl|Win32
		Release_opengl|x64 = Release_opengl|x64
	EndGlobalSection
	GlobalSection(ProjectConfigurationPlatforms) = postSolution
	EndGlobalSection
	GlobalSection(SolutionProperties) = preSolution
		HideSolutionNode = FALSE
	EndGlobalSection
EndGlobal
